
Microsoft Visual Studio Solution File, Format Version 12.00
# Visual Studio 2017
Project("{FAE04EC0-301F-11D3-BF4B-00C04F79EFBC}") = "Musifico", "Musifico.csproj", "{0720D892-E096-8725-C878-7F179A71079E}"
EndProject
Project("{FAE04EC0-301F-11D3-BF4B-00C04F79EFBC}") = "Musifico.Editor", "Musifico.Editor.csproj", "{F1609802-4810-78A6-7A64-3347B2FD7C98}"
EndProject
Global
	GlobalSection(SolutionConfigurationPlatforms) = preSolution
		Debug|Any CPU = Debug|Any CPU
		Release|Any CPU = Release|Any CPU
	EndGlobalSection
	GlobalSection(ProjectConfigurationPlatforms) = postSolution
		{0720D892-E096-8725-C878-7F179A71079E}.Debug|Any CPU.ActiveCfg = Debug|Any CPU
		{0720D892-E096-8725-C878-7F179A71079E}.Debug|Any CPU.Build.0 = Debug|Any CPU
		{0720D892-E096-8725-C878-7F179A71079E}.Release|Any CPU.ActiveCfg = Release|Any CPU
		{0720D892-E096-8725-C878-7F179A71079E}.Release|Any CPU.Build.0 = Release|Any CPU
		{F1609802-4810-78A6-7A64-3347B2FD7C98}.Debug|Any CPU.ActiveCfg = Debug|Any CPU
		{F1609802-4810-78A6-7A64-3347B2FD7C98}.Debug|Any CPU.Build.0 = Debug|Any CPU
		{F1609802-4810-78A6-7A64-3347B2FD7C98}.Release|Any CPU.ActiveCfg = Release|Any CPU
		{F1609802-4810-78A6-7A64-3347B2FD7C98}.Release|Any CPU.Build.0 = Release|Any CPU
	EndGlobalSection
	GlobalSection(SolutionProperties) = preSolution
		HideSolutionNode = FALSE
	EndGlobalSection
EndGlobal
